
Microsoft Visual Studio Solution File, Format Version 12.00
Project("{FAE04EC0-301F-11D3-BF4B-00C04F79EFBC}") = "LibraryAPI", "LibraryAPI\LibraryAPI.csproj", "{0998DD63-6673-4F32-A010-C7D08C7C3AAA}"
EndProject
Global
	GlobalSection(SolutionConfigurationPlatforms) = preSolution
		Debug|Any CPU = Debug|Any CPU
		Release|Any CPU = Release|Any CPU
	EndGlobalSection
	GlobalSection(ProjectConfigurationPlatforms) = postSolution
		{0998DD63-6673-4F32-A010-C7D08C7C3AAA}.Debug|Any CPU.ActiveCfg = Debug|Any CPU
		{0998DD63-6673-4F32-A010-C7D08C7C3AAA}.Debug|Any CPU.Build.0 = Debug|Any CPU
		{0998DD63-6673-4F32-A010-C7D08C7C3AAA}.Release|Any CPU.ActiveCfg = Release|Any CPU
		{0998DD63-6673-4F32-A010-C7D08C7C3AAA}.Release|Any CPU.Build.0 = Release|Any CPU
	EndGlobalSection
EndGlobal
