
Microsoft Visual Studio Solution File, Format Version 12.00
Project("{FAE04EC0-301F-11D3-BF4B-00C04F79EFBC}") = "LibraryAPI.Web", "LibraryAPI.Web\LibraryAPI.Web.csproj", "{0998DD63-6673-4F32-A010-C7D08C7C3AAA}"
EndProject
Project("{FAE04EC0-301F-11D3-BF4B-00C04F79EFBC}") = "LibraryAPI.Infrastructure", "LibraryAPI.Infrastructure\LibraryAPI.Infrastructure.csproj", "{B30687A3-6DB5-4337-9814-2D1569414D80}"
EndProject
Project("{FAE04EC0-301F-11D3-BF4B-00C04F79EFBC}") = "LibraryAPI.Core", "LibraryAPI.Core\LibraryAPI.Core.csproj", "{20EF0595-A918-4A10-B40E-5D80B153B935}"
EndProject
Project("{FAE04EC0-301F-11D3-BF4B-00C04F79EFBC}") = "LibraryAPI.Application", "LibraryAPI.Application\LibraryAPI.Application.csproj", "{45C932EC-260D-4DC9-B09E-FE02D15615A0}"
EndProject
Global
	GlobalSection(SolutionConfigurationPlatforms) = preSolution
		Debug|Any CPU = Debug|Any CPU
		Release|Any CPU = Release|Any CPU
	EndGlobalSection
	GlobalSection(ProjectConfigurationPlatforms) = postSolution
		{0998DD63-6673-4F32-A010-C7D08C7C3AAA}.Debug|Any CPU.ActiveCfg = Debug|Any CPU
		{0998DD63-6673-4F32-A010-C7D08C7C3AAA}.Debug|Any CPU.Build.0 = Debug|Any CPU
		{0998DD63-6673-4F32-A010-C7D08C7C3AAA}.Release|Any CPU.ActiveCfg = Release|Any CPU
		{0998DD63-6673-4F32-A010-C7D08C7C3AAA}.Release|Any CPU.Build.0 = Release|Any CPU
		{B30687A3-6DB5-4337-9814-2D1569414D80}.Debug|Any CPU.ActiveCfg = Debug|Any CPU
		{B30687A3-6DB5-4337-9814-2D1569414D80}.Debug|Any CPU.Build.0 = Debug|Any CPU
		{B30687A3-6DB5-4337-9814-2D1569414D80}.Release|Any CPU.ActiveCfg = Release|Any CPU
		{B30687A3-6DB5-4337-9814-2D1569414D80}.Release|Any CPU.Build.0 = Release|Any CPU
		{20EF0595-A918-4A10-B40E-5D80B153B935}.Debug|Any CPU.ActiveCfg = Debug|Any CPU
		{20EF0595-A918-4A10-B40E-5D80B153B935}.Debug|Any CPU.Build.0 = Debug|Any CPU
		{20EF0595-A918-4A10-B40E-5D80B153B935}.Release|Any CPU.ActiveCfg = Release|Any CPU
		{20EF0595-A918-4A10-B40E-5D80B153B935}.Release|Any CPU.Build.0 = Release|Any CPU
		{45C932EC-260D-4DC9-B09E-FE02D15615A0}.Debug|Any CPU.ActiveCfg = Debug|Any CPU
		{45C932EC-260D-4DC9-B09E-FE02D15615A0}.Debug|Any CPU.Build.0 = Debug|Any CPU
		{45C932EC-260D-4DC9-B09E-FE02D15615A0}.Release|Any CPU.ActiveCfg = Release|Any CPU
		{45C932EC-260D-4DC9-B09E-FE02D15615A0}.Release|Any CPU.Build.0 = Release|Any CPU
	EndGlobalSection
EndGlobal
